
Microsoft Visual Studio Solution File, Format Version 12.00
# Visual Studio 15
VisualStudioVersion = 15.0.27705.2000
MinimumVisualStudioVersion = 10.0.40219.1
Project("{9092AA53-FB77-4645-B42D-1CCCA6BD08BD}") = "ryanBot", "ryanBot.njsproj", "{D2D3C0B2-D6FD-4072-9EF5-FB31C7CBCCFF}"
EndProject
Global
	GlobalSection(SolutionConfigurationPlatforms) = preSolution
		Debug|Any CPU = Debug|Any CPU
		Release|Any CPU = Release|Any CPU
	EndGlobalSection
	GlobalSection(ProjectConfigurationPlatforms) = postSolution
		{D2D3C0B2-D6FD-4072-9EF5-FB31C7CBCCFF}.Debug|Any CPU.ActiveCfg = Debug|Any CPU
		{D2D3C0B2-D6FD-4072-9EF5-FB31C7CBCCFF}.Debug|Any CPU.Build.0 = Debug|Any CPU
		{D2D3C0B2-D6FD-4072-9EF5-FB31C7CBCCFF}.Release|Any CPU.ActiveCfg = Release|Any CPU
		{D2D3C0B2-D6FD-4072-9EF5-FB31C7CBCCFF}.Release|Any CPU.Build.0 = Release|Any CPU
	EndGlobalSection
	GlobalSection(SolutionProperties) = preSolution
		HideSolutionNode = FALSE
	EndGlobalSection
	GlobalSection(ExtensibilityGlobals) = postSolution
		SolutionGuid = {7132EA77-FF5C-4542-B914-BCC11682E544}
	EndGlobalSection
EndGlobal
